version = 1
revision = 1
requires-python = ">=3.12"

[[package]]
name = "aether-common"
version = "0.1.0"
source = { editable = "../common" }

[[package]]
name = "awscrt"
version = "0.28.1"
source = { registry = "https://pypi.org/simple" }
sdist = { url = "https://files.pythonhosted.org/packages/a0/1c/5c9e6a7375c2a1355aadeb2d06c96c95934ec37ff29ebaab2919f59c3ff1/awscrt-0.28.1.tar.gz", hash = "sha256:70a28fd6ff3e0abb7854ea8a9133bc9e5de681a0d9bdbd8a599a23d13a448685", size = 37956730 }
wheels = [
    { url = "https://files.pythonhosted.org/packages/9e/55/0ee537d146f24d6e76eaf02d462a83c572788233603bb9bda969fbf23307/awscrt-0.28.1-cp311-abi3-macosx_10_15_universal2.whl", hash = "sha256:cb36052f9aa34e77687a8037559bbea331fc9d5d77cd71ab0cf4e6d72af73f72", size = 3376673 },
    { url = "https://files.pythonhosted.org/packages/f0/54/12700a4b9545680baa3e2d4d0e543bb4775a639df56ee51cbb29b71e0947/awscrt-0.28.1-cp311-abi3-manylinux2014_aarch64.manylinux_2_17_aarch64.whl", hash = "sha256:fc59829152a5806eb2708aca5c5084c11dd18ecbe765e03eb314d5a360eeaa62", size = 3782870 },
    { url = "https://files.pythonhosted.org/packages/1d/e7/7b189ace9e187b9b55ed4a6ec9a451579b2f16bd01d402f79a19cc8e1603/awscrt-0.28.1-cp311-abi3-manylinux2014_x86_64.manylinux_2_17_x86_64.whl", hash = "sha256:d2f20bc774599b9d85ce66689415da529ddd1d2215da818e005deedc4688fe61", size = 4048789 },
    { url = "https://files.pythonhosted.org/packages/9c/e0/2e5472019906dfcc5fadcdba4bad9e69dabb95bbc0c110cfe555ee8461dc/awscrt-0.28.1-cp311-abi3-musllinux_1_1_aarch64.whl", hash = "sha256:491b8b9c73a288cfd5e0cbdac16aabb5313d5cfc33bbe461763a5ddc26624f70", size = 3687832 },
    { url = "https://files.pythonhosted.org/packages/71/f2/7e05d371bb888ee9f15e83d189287838f7b6ea40dfc91eacb3acd24b8529/awscrt-0.28.1-cp311-abi3-musllinux_1_1_x86_64.whl", hash = "sha256:4c6c7125b7e9fcc999eb685d1cace8d4f2ffc63f8f3d8ef7f77e1a97d9552863", size = 3913378 },
    { url = "https://files.pythonhosted.org/packages/79/6b/a542a65a22edb85d64742970c21721e66e0f9f67911a11c7a5c3626a1b17/awscrt-0.28.1-cp311-abi3-win32.whl", hash = "sha256:1dcb33d7cf8f69881ac6ef75a5b9b40816be58678b1bb07ccbe0230281bdbc81", size = 3912809 },
    { url = "https://files.pythonhosted.org/packages/df/64/16cc8a0011e3ca5dda13605befa7e6db29bfb3073c67f6e8dad90be0a8ae/awscrt-0.28.1-cp311-abi3-win_amd64.whl", hash = "sha256:670caaf556876913bcfb9d8183d43d67a6c7b52998f2f398abd1c21632a006f8", size = 4048979 },
    { url = "https://files.pythonhosted.org/packages/ca/ac/debbd3a2f03c5953b56b1c3b321bab16293f857ea3005e3f7e5dded5e0b2/awscrt-0.28.1-cp313-abi3-macosx_10_15_universal2.whl", hash = "sha256:22311d25135b937ee5617e35a6554961727527dcfa3e06efdefe187a6abe65c4", size = 3375565 },
    { url = "https://files.pythonhosted.org/packages/ea/4f/9388917ad45c043acd7c4ab2c28b9e2b5ddf29e21a82bfc01a7626c18c04/awscrt-0.28.1-cp313-abi3-manylinux2014_aarch64.manylinux_2_17_aarch64.whl", hash = "sha256:e58740cf0e41552fdf7909e10814b312ab090ebe54741354a61507e0c6d4ebfd", size = 3775366 },
    { url = "https://files.pythonhosted.org/packages/8a/e3/3ef301cdef76b22ce14b041e04c6cf65ba4491d00e9f5b400c0699f6c63e/awscrt-0.28.1-cp313-abi3-manylinux2014_x86_64.manylinux_2_17_x86_64.whl", hash = "sha256:9e69f163a207a8b172abbfea1f51045301ed1ac8bbaf76958a6b5e81d72e5b89", size = 4043403 },
    { url = "https://files.pythonhosted.org/packages/60/9c/4f89922333724c4da851752549ca97dd147420734ef6c4ece56d5dd65e09/awscrt-0.28.1-cp313-abi3-musllinux_1_1_aarch64.whl", hash = "sha256:592f4b234ecafa6cde86e55e42c4fe84c4e1ffe9fb11b0a8b8f0ffb8c62fa2cc", size = 3678742 },
    { url = "https://files.pythonhosted.org/packages/0e/d4/adb97ba5f888ed201aa1f9e9f8d6cfc0dbaf80f0e937b3acb7411febdaa8/awscrt-0.28.1-cp313-abi3-musllinux_1_1_x86_64.whl", hash = "sha256:b16321f1d2bf5b4991a213059c1b5dc07954edfc424d154b093824465ec94ce2", size = 3908438 },
    { url = "https://files.pythonhosted.org/packages/41/ac/600ea0a6f4ba6543c50417c8e78b09f2cd73dd0f0d4c3e9e52220a8badbe/awscrt-0.28.1-cp313-abi3-win32.whl", hash = "sha256:3e0a23635aa75b4af163ff9bf5a0873928369b1ac32c8b1351741a95472ccf71", size = 3907625 },
    { url = "https://files.pythonhosted.org/packages/9e/24/d22c7197b1e53c76b5eb71d640a4728b9b7621075d8dbcc054e16b5b98f0/awscrt-0.28.1-cp313-abi3-win_amd64.whl", hash = "sha256:9849c88ca0830396724acf988e2759895118fe7dd2a23dab21978c8600d01a11", size = 4043878 },
]

[[package]]
name = "awsiotsdk"
version = "1.26.0"
source = { registry = "https://pypi.org/simple" }
dependencies = [
    { name = "awscrt" },
]
sdist = { url = "https://files.pythonhosted.org/packages/e8/0f/da75249dd9b95d3251a92e25b1759a2d8a9d47ecef662470063054a4222f/awsiotsdk-1.26.0.tar.gz", hash = "sha256:993a5f877e9534c11d51eaa6a4342f66180c54200cff8964e9c5d594b491eab1", size = 90284 }
wheels = [
    { url = "https://files.pythonhosted.org/packages/30/66/c9a347ff15a994eacec7fa7c3c48d30896e6dc8da9b58440cbf7b1f3c4ad/awsiotsdk-1.26.0-py3-none-any.whl", hash = "sha256:03e1c6a603babef4d505c6fccdd04875f86b524b9f43797030a2f6641ac22413", size = 80133 },
]

[[package]]
name = "boto3"
version = "1.42.5"
source = { registry = "https://pypi.org/simple" }
dependencies = [
    { name = "botocore" },
    { name = "jmespath" },
    { name = "s3transfer" },
]
sdist = { url = "https://files.pythonhosted.org/packages/8b/91/c00b45b5ca95184f7ab6140f586ba7d23074168ee3feae3eaf6954cc11c3/boto3-1.42.5.tar.gz", hash = "sha256:e3b7be255e5e29272b6424af4417005384f5a3f1caf6ca3352258ee1d9b8551a", size = 112754 }
wheels = [
    { url = "https://files.pythonhosted.org/packages/a1/3c/e70f47afdaf9172f90e80615f923fbb09f7fb4e5ea89e2d95562ec7f95c2/boto3-1.42.5-py3-none-any.whl", hash = "sha256:7d22cd102c77c37d552783308eeb01a088c0e3f6e707157dd6d1842b205ffce7", size = 140572 },
]

[[package]]
name = "botocore"
version = "1.42.5"
source = { registry = "https://pypi.org/simple" }
dependencies = [
    { name = "jmespath" },
    { name = "python-dateutil" },
    { name = "urllib3" },
]
sdist = { url = "https://files.pythonhosted.org/packages/8c/46/5b40b1deb780869ca9f0c1de47062a78a0494b53d6f9d6bad10fc38eef9d/botocore-1.42.5.tar.gz", hash = "sha256:37bfc487f14286d9795920807fcb8318b940835b18fff6bec5253449f377136f", size = 14851117 }
wheels = [
    { url = "https://files.pythonhosted.org/packages/8b/9a/da5e6cabf4da855d182fcdacf3573b69f30899e0e6c3e0d91ce6ad92ce74/botocore-1.42.5-py3-none-any.whl", hash = "sha256:6aa487f1876c881e2143f6a186b7d8faaf042fc05e0ba7421d821f145356a0c9", size = 14525346 },
]

[[package]]
name = "colorama"
version = "0.4.6"
source = { registry = "https://pypi.org/simple" }
sdist = { url = "https://files.pythonhosted.org/packages/d8/53/6f443c9a4a8358a93a6792e2acffb9d9d5cb0a5cfd8802644b7b1c9a02e4/colorama-0.4.6.tar.gz", hash = "sha256:08695f5cb7ed6e0531a20572697297273c47b8cae5a63ffc6d6ed5c201be6e44", size = 27697 }
wheels = [
    { url = "https://files.pythonhosted.org/packages/d1/d6/3965ed04c63042e047cb6a3e6ed1a63a35087b6a609aa3a15ed8ac56c221/colorama-0.4.6-py2.py3-none-any.whl", hash = "sha256:4f1d9991f5acc0ca119f9d443620b77f9d6b33703e51011c16baf57afb285fc6", size = 25335 },
]

[[package]]
name = "iniconfig"
version = "2.3.0"
source = { registry = "https://pypi.org/simple" }
sdist = { url = "https://files.pythonhosted.org/packages/72/34/14ca021ce8e5dfedc35312d08ba8bf51fdd999c576889fc2c24cb97f4f10/iniconfig-2.3.0.tar.gz", hash = "sha256:c76315c77db068650d49c5b56314774a7804df16fee4402c1f19d6d15d8c4730", size = 20503 }
wheels = [
    { url = "https://files.pythonhosted.org/packages/cb/b1/3846dd7f199d53cb17f49cba7e651e9ce294d8497c8c150530ed11865bb8/iniconfig-2.3.0-py3-none-any.whl", hash = "sha256:f631c04d2c48c52b84d0d0549c99ff3859c98df65b3101406327ecc7d53fbf12", size = 7484 },
]

[[package]]
name = "jmespath"
version = "1.0.1"
source = { registry = "https://pypi.org/simple" }
sdist = { url = "https://files.pythonhosted.org/packages/00/2a/e867e8531cf3e36b41201936b7fa7ba7b5702dbef42922193f05c8976cd6/jmespath-1.0.1.tar.gz", hash = "sha256:90261b206d6defd58fdd5e85f478bf633a2901798906be2ad389150c5c60edbe", size = 25843 }
wheels = [
    { url = "https://files.pythonhosted.org/packages/31/b4/b9b800c45527aadd64d5b442f9b932b00648617eb5d63d2c7a6587b7cafc/jmespath-1.0.1-py3-none-any.whl", hash = "sha256:02e2e4cc71b5bcab88332eebf907519190dd9e6e82107fa7f83b1003a6252980", size = 20256 },
]

[[package]]
name = "nexus-rpc"
version = "1.2.0"
source = { registry = "https://pypi.org/simple" }
dependencies = [
    { name = "typing-extensions" },
]
sdist = { url = "https://files.pythonhosted.org/packages/06/50/95d7bc91f900da5e22662c82d9bf0f72a4b01f2a552708bf2f43807707a1/nexus_rpc-1.2.0.tar.gz", hash = "sha256:b4ddaffa4d3996aaeadf49b80dfcdfbca48fe4cb616defaf3b3c5c2c8fc61890", size = 74142 }
wheels = [
    { url = "https://files.pythonhosted.org/packages/13/04/eaac430d0e6bf21265ae989427d37e94be5e41dc216879f1fbb6c5339942/nexus_rpc-1.2.0-py3-none-any.whl", hash = "sha256:977876f3af811ad1a09b2961d3d1ac9233bda43ff0febbb0c9906483b9d9f8a3", size = 28166 },
]

[[package]]
name = "orchestrator"
version = "0.1.0"
source = { virtual = "." }
dependencies = [
    { name = "aether-common" },
    { name = "awscrt" },
    { name = "awsiotsdk" },
    { name = "boto3" },
    { name = "pytest" },
    { name = "pytest-asyncio" },
    { name = "python-dotenv" },
    { name = "temporalio" },
]

[package.metadata]
requires-dist = [
    { name = "aether-common", editable = "../common" },
    { name = "awscrt", specifier = ">=0.28.1" },
    { name = "awsiotsdk", specifier = ">=1.26.0" },
    { name = "boto3", specifier = ">=1.42.5" },
    { name = "pytest", specifier = ">=9.0.2" },
    { name = "pytest-asyncio", specifier = ">=1.3.0" },
    { name = "python-dotenv", specifier = ">=1.2.1" },
    { name = "temporalio", specifier = ">=1.20.0" },
]

[[package]]
name = "packaging"
version = "25.0"
source = { registry = "https://pypi.org/simple" }
sdist = { url = "https://files.pythonhosted.org/packages/a1/d4/1fc4078c65507b51b96ca8f8c3ba19e6a61c8253c72794544580a7b6c24d/packaging-25.0.tar.gz", hash = "sha256:d443872c98d677bf60f6a1f2f8c1cb748e8fe762d2bf9d3148b5599295b0fc4f", size = 165727 }
wheels = [
    { url = "https://files.pythonhosted.org/packages/20/12/38679034af332785aac8774540895e234f4d07f7545804097de4b666afd8/packaging-25.0-py3-none-any.whl", hash = "sha256:29572ef2b1f17581046b3a2227d5c611fb25ec70ca1ba8554b24b0e69331a484", size = 66469 },
]

[[package]]
name = "pluggy"
version = "1.6.0"
source = { registry = "https://pypi.org/simple" }
sdist = { url = "https://files.pythonhosted.org/packages/f9/e2/3e91f31a7d2b083fe6ef3fa267035b518369d9511ffab804f839851d2779/pluggy-1.6.0.tar.gz", hash = "sha256:7dcc130b76258d33b90f61b658791dede3486c3e6bfb003ee5c9bfb396dd22f3", size = 69412 }
wheels = [
    { url = "https://files.pythonhosted.org/packages/54/20/4d324d65cc6d9205fabedc306948156824eb9f0ee1633355a8f7ec5c66bf/pluggy-1.6.0-py3-none-any.whl", hash = "sha256:e920276dd6813095e9377c0bc5566d94c932c33b27a3e3945d8389c374dd4746", size = 20538 },
]

[[package]]
name = "protobuf"
version = "6.33.2"
source = { registry = "https://pypi.org/simple" }
sdist = { url = "https://files.pythonhosted.org/packages/34/44/e49ecff446afeec9d1a66d6bbf9adc21e3c7cea7803a920ca3773379d4f6/protobuf-6.33.2.tar.gz", hash = "sha256:56dc370c91fbb8ac85bc13582c9e373569668a290aa2e66a590c2a0d35ddb9e4", size = 444296 }
wheels = [
    { url = "https://files.pythonhosted.org/packages/bc/91/1e3a34881a88697a7354ffd177e8746e97a722e5e8db101544b47e84afb1/protobuf-6.33.2-cp310-abi3-win32.whl", hash = "sha256:87eb388bd2d0f78febd8f4c8779c79247b26a5befad525008e49a6955787ff3d", size = 425603 },
    { url = "https://files.pythonhosted.org/packages/64/20/4d50191997e917ae13ad0a235c8b42d8c1ab9c3e6fd455ca16d416944355/protobuf-6.33.2-cp310-abi3-win_amd64.whl", hash = "sha256:fc2a0e8b05b180e5fc0dd1559fe8ebdae21a27e81ac77728fb6c42b12c7419b4", size = 436930 },
    { url = "https://files.pythonhosted.org/packages/b2/ca/7e485da88ba45c920fb3f50ae78de29ab925d9e54ef0de678306abfbb497/protobuf-6.33.2-cp39-abi3-macosx_10_9_universal2.whl", hash = "sha256:d9b19771ca75935b3a4422957bc518b0cecb978b31d1dd12037b088f6bcc0e43", size = 427621 },
    { url = "https://files.pythonhosted.org/packages/7d/4f/f743761e41d3b2b2566748eb76bbff2b43e14d5fcab694f494a16458b05f/protobuf-6.33.2-cp39-abi3-manylinux2014_aarch64.whl", hash = "sha256:b5d3b5625192214066d99b2b605f5783483575656784de223f00a8d00754fc0e", size = 324460 },
    { url = "https://files.pythonhosted.org/packages/b1/fa/26468d00a92824020f6f2090d827078c09c9c587e34cbfd2d0c7911221f8/protobuf-6.33.2-cp39-abi3-manylinux2014_s390x.whl", hash = "sha256:8cd7640aee0b7828b6d03ae518b5b4806fdfc1afe8de82f79c3454f8aef29872", size = 339168 },
    { url = "https://files.pythonhosted.org/packages/56/13/333b8f421738f149d4fe5e49553bc2a2ab75235486259f689b4b91f96cec/protobuf-6.33.2-cp39-abi3-manylinux2014_x86_64.whl", hash = "sha256:1f8017c48c07ec5859106533b682260ba3d7c5567b1ca1f24297ce03384d1b4f", size = 323270 },
    { url = "https://files.pythonhosted.org/packages/0e/15/4f02896cc3df04fc465010a4c6a0cd89810f54617a32a70ef531ed75d61c/protobuf-6.33.2-py3-none-any.whl", hash = "sha256:7636aad9bb01768870266de5dc009de2d1b936771b38a793f73cbbf279c91c5c", size = 170501 },
]

[[package]]
name = "pygments"
version = "2.19.2"
source = { registry = "https://pypi.org/simple" }
sdist = { url = "https://files.pythonhosted.org/packages/b0/77/a5b8c569bf593b0140bde72ea885a803b82086995367bf2037de0159d924/pygments-2.19.2.tar.gz", hash = "sha256:636cb2477cec7f8952536970bc533bc43743542f70392ae026374600add5b887", size = 4968631 }
wheels = [
    { url = "https://files.pythonhosted.org/packages/c7/21/705964c7812476f378728bdf590ca4b771ec72385c533964653c68e86bdc/pygments-2.19.2-py3-none-any.whl", hash = "sha256:86540386c03d588bb81d44bc3928634ff26449851e99741617ecb9037ee5ec0b", size = 1225217 },
]

[[package]]
name = "pytest"
version = "9.0.2"
source = { registry = "https://pypi.org/simple" }
dependencies = [
    { name = "colorama", marker = "sys_platform == 'win32'" },
    { name = "iniconfig" },
    { name = "packaging" },
    { name = "pluggy" },
    { name = "pygments" },
]
sdist = { url = "https://files.pythonhosted.org/packages/d1/db/7ef3487e0fb0049ddb5ce41d3a49c235bf9ad299b6a25d5780a89f19230f/pytest-9.0.2.tar.gz", hash = "sha256:75186651a92bd89611d1d9fc20f0b4345fd827c41ccd5c299a868a05d70edf11", size = 1568901 }
wheels = [
    { url = "https://files.pythonhosted.org/packages/3b/ab/b3226f0bd7cdcf710fbede2b3548584366da3b19b5021e74f5bde2a8fa3f/pytest-9.0.2-py3-none-any.whl", hash = "sha256:711ffd45bf766d5264d487b917733b453d917afd2b0ad65223959f59089f875b", size = 374801 },
]

[[package]]
name = "pytest-asyncio"
version = "1.3.0"
source = { registry = "https://pypi.org/simple" }
dependencies = [
    { name = "pytest" },
    { name = "typing-extensions", marker = "python_full_version < '3.13'" },
]
sdist = { url = "https://files.pythonhosted.org/packages/90/2c/8af215c0f776415f3590cac4f9086ccefd6fd463befeae41cd4d3f193e5a/pytest_asyncio-1.3.0.tar.gz", hash = "sha256:d7f52f36d231b80ee124cd216ffb19369aa168fc10095013c6b014a34d3ee9e5", size = 50087 }
wheels = [
    { url = "https://files.pythonhosted.org/packages/e5/35/f8b19922b6a25bc0880171a2f1a003eaeb93657475193ab516fd87cac9da/pytest_asyncio-1.3.0-py3-none-any.whl", hash = "sha256:611e26147c7f77640e6d0a92a38ed17c3e9848063698d5c93d5aa7aa11cebff5", size = 15075 },
]

[[package]]
name = "python-dateutil"
version = "2.9.0.post0"
source = { registry = "https://pypi.org/simple" }
dependencies = [
    { name = "six" },
]
sdist = { url = "https://files.pythonhosted.org/packages/66/c0/0c8b6ad9f17a802ee498c46e004a0eb49bc148f2fd230864601a86dcf6db/python-dateutil-2.9.0.post0.tar.gz", hash = "sha256:37dd54208da7e1cd875388217d5e00ebd4179249f90fb72437e91a35459a0ad3", size = 342432 }
wheels = [
    { url = "https://files.pythonhosted.org/packages/ec/57/56b9bcc3c9c6a792fcbaf139543cee77261f3651ca9da0c93f5c1221264b/python_dateutil-2.9.0.post0-py2.py3-none-any.whl", hash = "sha256:a8b2bc7bffae282281c8140a97d3aa9c14da0b136dfe83f850eea9a5f7470427", size = 229892 },
]

[[package]]
name = "python-dotenv"
version = "1.2.1"
source = { registry = "https://pypi.org/simple" }
sdist = { url = "https://files.pythonhosted.org/packages/f0/26/19cadc79a718c5edbec86fd4919a6b6d3f681039a2f6d66d14be94e75fb9/python_dotenv-1.2.1.tar.gz", hash = "sha256:42667e897e16ab0d66954af0e60a9caa94f0fd4ecf3aaf6d2d260eec1aa36ad6", size = 44221 }
wheels = [
    { url = "https://files.pythonhosted.org/packages/14/1b/a298b06749107c305e1fe0f814c6c74aea7b2f1e10989cb30f544a1b3253/python_dotenv-1.2.1-py3-none-any.whl", hash = "sha256:b81ee9561e9ca4004139c6cbba3a238c32b03e4894671e181b671e8cb8425d61", size = 21230 },
]

[[package]]
name = "s3transfer"
version = "0.16.0"
source = { registry = "https://pypi.org/simple" }
dependencies = [
    { name = "botocore" },
]
sdist = { url = "https://files.pythonhosted.org/packages/05/04/74127fc843314818edfa81b5540e26dd537353b123a4edc563109d8f17dd/s3transfer-0.16.0.tar.gz", hash = "sha256:8e990f13268025792229cd52fa10cb7163744bf56e719e0b9cb925ab79abf920", size = 153827 }
wheels = [
    { url = "https://files.pythonhosted.org/packages/fc/51/727abb13f44c1fcf6d145979e1535a35794db0f6e450a0cb46aa24732fe2/s3transfer-0.16.0-py3-none-any.whl", hash = "sha256:18e25d66fed509e3868dc1572b3f427ff947dd2c56f844a5bf09481ad3f3b2fe", size = 86830 },
]

[[package]]
name = "six"
version = "1.17.0"
source = { registry = "https://pypi.org/simple" }
sdist = { url = "https://files.pythonhosted.org/packages/94/e7/b2c673351809dca68a0e064b6af791aa332cf192da575fd474ed7d6f16a2/six-1.17.0.tar.gz", hash = "sha256:ff70335d468e7eb6ec65b95b99d3a2836546063f63acc5171de367e834932a81", size = 34031 }
wheels = [
    { url = "https://files.pythonhosted.org/packages/b7/ce/149a00dd41f10bc29e5921b496af8b574d8413afcd5e30dfa0ed46c2cc5e/six-1.17.0-py2.py3-none-any.whl", hash = "sha256:4721f391ed90541fddacab5acf947aa0d3dc7d27b2e1e8eda2be8970586c3274", size = 11050 },
]

[[package]]
name = "temporalio"
version = "1.20.0"
source = { registry = "https://pypi.org/simple" }
dependencies = [
    { name = "nexus-rpc" },
    { name = "protobuf" },
    { name = "types-protobuf" },
    { name = "typing-extensions" },
]
sdist = { url = "https://files.pythonhosted.org/packages/21/db/7d5118d28b0918888e1ec98f56f659fdb006351e06d95f30f4274962a76f/temporalio-1.20.0.tar.gz", hash = "sha256:5a6a85b7d298b7359bffa30025f7deac83c74ac095a4c6952fbf06c249a2a67c", size = 1850498 }
wheels = [
    { url = "https://files.pythonhosted.org/packages/f4/1b/e69052aa6003eafe595529485d9c62d1382dd5e671108f1bddf544fb6032/temporalio-1.20.0-cp310-abi3-macosx_10_12_x86_64.whl", hash = "sha256:fba70314b4068f8b1994bddfa0e2ad742483f0ae714d2ef52e63013ccfd7042e", size = 12061638 },
    { url = "https://files.pythonhosted.org/packages/ae/3b/3e8c67ed7f23bedfa231c6ac29a7a9c12b89881da7694732270f3ecd6b0c/temporalio-1.20.0-cp310-abi3-macosx_11_0_arm64.whl", hash = "sha256:ffc5bb6cabc6ae67f0bfba44de6a9c121603134ae18784a2ff3a7f230ad99080", size = 11562603 },
    { url = "https://files.pythonhosted.org/packages/6d/be/ed0cc11702210522a79e09703267ebeca06eb45832b873a58de3ca76b9d0/temporalio-1.20.0-cp310-abi3-manylinux_2_17_aarch64.manylinux2014_aarch64.whl", hash = "sha256:a1e80c1e4cdf88fa8277177f563edc91466fe4dc13c0322f26e55c76b6a219e6", size = 11824016 },
    { url = "https://files.pythonhosted.org/packages/9d/97/09c5cafabc80139d97338a2bdd8ec22e08817dfd2949ab3e5b73565006eb/temporalio-1.20.0-cp310-abi3-manylinux_2_17_x86_64.manylinux2014_x86_64.whl", hash = "sha256:ba92d909188930860c9d89ca6d7a753bc5a67e4e9eac6cea351477c967355eed", size = 12189521 },
    { url = "https://files.pythonhosted.org/packages/11/23/5689c014a76aff3b744b3ee0d80815f63b1362637814f5fbb105244df09b/temporalio-1.20.0-cp310-abi3-win_amd64.whl", hash = "sha256:eacfd571b653e0a0f4aa6593f4d06fc628797898f0900d400e833a1f40cad03a", size = 12745027 },
]

[[package]]
name = "types-protobuf"
version = "6.32.1.20251105"
source = { registry = "https://pypi.org/simple" }
sdist = { url = "https://files.pythonhosted.org/packages/f3/ab/0dce6a9841b5ebf3e37401879bb8cc20724ad9c770a7649bee997696cc75/types_protobuf-6.32.1.20251105.tar.gz", hash = "sha256:641002611ff87dd9fedc38a39a29cacb9907ae5ce61489b53e99ca2074bef764", size = 63846 }
wheels = [
    { url = "https://files.pythonhosted.org/packages/ed/57/3a0d89b33b7485b7ffd99ec7cf53b0c5c89194c481f0bd673fd67e5f273f/types_protobuf-6.32.1.20251105-py3-none-any.whl", hash = "sha256:a15109d38f7cfefd2539ef86d3f93a6a41c7cad53924f8aa1a51eaddbb72a660", size = 77890 },
]

[[package]]
name = "typing-extensions"
version = "4.15.0"
source = { registry = "https://pypi.org/simple" }
sdist = { url = "https://files.pythonhosted.org/packages/72/94/1a15dd82efb362ac84269196e94cf00f187f7ed21c242792a923cdb1c61f/typing_extensions-4.15.0.tar.gz", hash = "sha256:0cea48d173cc12fa28ecabc3b837ea3cf6f38c6d1136f85cbaaf598984861466", size = 109391 }
wheels = [
    { url = "https://files.pythonhosted.org/packages/18/67/36e9267722cc04a6b9f15c7f3441c2363321a3ea07da7ae0c0707beb2a9c/typing_extensions-4.15.0-py3-none-any.whl", hash = "sha256:f0fa19c6845758ab08074a0cfa8b7aecb71c999ca73d62883bc25cc018c4e548", size = 44614 },
]

[[package]]
name = "urllib3"
version = "2.6.1"
source = { registry = "https://pypi.org/simple" }
sdist = { url = "https://files.pythonhosted.org/packages/5e/1d/0f3a93cca1ac5e8287842ed4eebbd0f7a991315089b1a0b01c7788aa7b63/urllib3-2.6.1.tar.gz", hash = "sha256:5379eb6e1aba4088bae84f8242960017ec8d8e3decf30480b3a1abdaa9671a3f", size = 432678 }
wheels = [
    { url = "https://files.pythonhosted.org/packages/bc/56/190ceb8cb10511b730b564fb1e0293fa468363dbad26145c34928a60cb0c/urllib3-2.6.1-py3-none-any.whl", hash = "sha256:e67d06fe947c36a7ca39f4994b08d73922d40e6cca949907be05efa6fd75110b", size = 131138 },
]
